
Microsoft Visual Studio Solution File, Format Version 12.00
# Visual Studio Version 16
VisualStudioVersion = 16.0.30011.22
MinimumVisualStudioVersion = 10.0.40219.1
Project("{FAE04EC0-301F-11D3-BF4B-00C04F79EFBC}") = "OOP_lab_2_14_2", "OOP_lab_2_14_2\OOP_lab_2_14_2.csproj", "{9C617EAD-4E3C-44E1-A80E-CAC410CE5D44}"
EndProject
Project("{2150E333-8FDC-42A3-9474-1A3956D46DE8}") = "Solution Items", "Solution Items", "{A3227C04-2F81-4DC3-A8EE-9249400F6D48}"
	ProjectSection(SolutionItems) = preProject
		.travis.yml = .travis.yml
	EndProjectSection
EndProject
Global
	GlobalSection(SolutionConfigurationPlatforms) = preSolution
		Debug|Any CPU = Debug|Any CPU
		Release|Any CPU = Release|Any CPU
	EndGlobalSection
	GlobalSection(ProjectConfigurationPlatforms) = postSolution
		{9C617EAD-4E3C-44E1-A80E-CAC410CE5D44}.Debug|Any CPU.ActiveCfg = Debug|Any CPU
		{9C617EAD-4E3C-44E1-A80E-CAC410CE5D44}.Debug|Any CPU.Build.0 = Debug|Any CPU
		{9C617EAD-4E3C-44E1-A80E-CAC410CE5D44}.Release|Any CPU.ActiveCfg = Release|Any CPU
		{9C617EAD-4E3C-44E1-A80E-CAC410CE5D44}.Release|Any CPU.Build.0 = Release|Any CPU
	EndGlobalSection
	GlobalSection(SolutionProperties) = preSolution
		HideSolutionNode = FALSE
	EndGlobalSection
	GlobalSection(ExtensibilityGlobals) = postSolution
		SolutionGuid = {90665820-3D2C-49C2-9FC4-4CDE23AC101F}
	EndGlobalSection
EndGlobal
